// !$*UTF8*$!
{
	archiveVersion = 1;
	classes = {
	};
	objectVersion = 56;
	objects = {

/* Begin PBXBuildFile section */
		573F1FAE2AA39C6F00CA5BCB /* CunhaApp.swift in Sources */ = {isa = PBXBuildFile; fileRef = 573F1FAD2AA39C6F00CA5BCB /* CunhaApp.swift */; };
		573F1FB02AA39C6F00CA5BCB /* EntitiesView.swift in Sources */ = {isa = PBXBuildFile; fileRef = 573F1FAF2AA39C6F00CA5BCB /* EntitiesView.swift */; };
		573F1FB22AA39C6F00CA5BCB /* Assets.xcassets in Resources */ = {isa = PBXBuildFile; fileRef = 573F1FB12AA39C6F00CA5BCB /* Assets.xcassets */; };
		573F1FB52AA39C6F00CA5BCB /* Preview Assets.xcassets in Resources */ = {isa = PBXBuildFile; fileRef = 573F1FB42AA39C6F00CA5BCB /* Preview Assets.xcassets */; };
		573F1FD92AA39D5500CA5BCB /* URLConfigurator.swift in Sources */ = {isa = PBXBuildFile; fileRef = 573F1FD82AA39D5500CA5BCB /* URLConfigurator.swift */; };
		573F1FDB2AA3A13400CA5BCB /* APIClient.swift in Sources */ = {isa = PBXBuildFile; fileRef = 573F1FDA2AA3A13400CA5BCB /* APIClient.swift */; };
		573F1FDD2AA3A15F00CA5BCB /* Endpoints.swift in Sources */ = {isa = PBXBuildFile; fileRef = 573F1FDC2AA3A15F00CA5BCB /* Endpoints.swift */; };
		573F1FE02AA3EC3300CA5BCB /* EntitiesRoute.swift in Sources */ = {isa = PBXBuildFile; fileRef = 573F1FDF2AA3EC3300CA5BCB /* EntitiesRoute.swift */; };
		573F1FE22AA3F41300CA5BCB /* APIRequestManager.swift in Sources */ = {isa = PBXBuildFile; fileRef = 573F1FE12AA3F41300CA5BCB /* APIRequestManager.swift */; };
		573F1FE52AA3F4F400CA5BCB /* EntityModel.swift in Sources */ = {isa = PBXBuildFile; fileRef = 573F1FE42AA3F4F400CA5BCB /* EntityModel.swift */; };
		573F1FEB2AA3FAEF00CA5BCB /* EntitesViewModel.swift in Sources */ = {isa = PBXBuildFile; fileRef = 573F1FEA2AA3FAEF00CA5BCB /* EntitesViewModel.swift */; };
		573F1FEF2AA4999C00CA5BCB /* SearchSubview.swift in Sources */ = {isa = PBXBuildFile; fileRef = 573F1FEE2AA4999C00CA5BCB /* SearchSubview.swift */; };
		573F1FF12AA4BE4E00CA5BCB /* EndOfDayRoute.swift in Sources */ = {isa = PBXBuildFile; fileRef = 573F1FF02AA4BE4E00CA5BCB /* EndOfDayRoute.swift */; };
		573F1FF32AA4C10E00CA5BCB /* EntityTimeModel.swift in Sources */ = {isa = PBXBuildFile; fileRef = 573F1FF22AA4C10E00CA5BCB /* EntityTimeModel.swift */; };
		573F1FF72AA4C5AC00CA5BCB /* EntityDetailsView.swift in Sources */ = {isa = PBXBuildFile; fileRef = 573F1FF62AA4C5AC00CA5BCB /* EntityDetailsView.swift */; };
		573F1FFB2AA4C8F200CA5BCB /* EntityDetailsViewModel.swift in Sources */ = {isa = PBXBuildFile; fileRef = 573F1FFA2AA4C8F200CA5BCB /* EntityDetailsViewModel.swift */; };
		573F1FFE2AA4DA1000CA5BCB /* InString.swift in Sources */ = {isa = PBXBuildFile; fileRef = 573F1FFD2AA4DA1000CA5BCB /* InString.swift */; };
		573F20022AA4E95C00CA5BCB /* NetworkError.swift in Sources */ = {isa = PBXBuildFile; fileRef = 573F20012AA4E95C00CA5BCB /* NetworkError.swift */; };
		573F20052AA4EE2100CA5BCB /* ErrorModel.swift in Sources */ = {isa = PBXBuildFile; fileRef = 573F20042AA4EE2100CA5BCB /* ErrorModel.swift */; };
		573F20082AA4F29C00CA5BCB /* MainError.swift in Sources */ = {isa = PBXBuildFile; fileRef = 573F20072AA4F29C00CA5BCB /* MainError.swift */; };
		573F200D2AA5022900CA5BCB /* InDate.swift in Sources */ = {isa = PBXBuildFile; fileRef = 573F200C2AA5022900CA5BCB /* InDate.swift */; };
		573F200F2AA50A7800CA5BCB /* StringExtesnionTest.swift in Sources */ = {isa = PBXBuildFile; fileRef = 573F200E2AA50A7800CA5BCB /* StringExtesnionTest.swift */; };
		573F20122AA50C0E00CA5BCB /* DateExtensionTest.swift in Sources */ = {isa = PBXBuildFile; fileRef = 573F20112AA50C0E00CA5BCB /* DateExtensionTest.swift */; };
		573F20152AA50F2200CA5BCB /* JsonMockReader.swift in Sources */ = {isa = PBXBuildFile; fileRef = 573F20142AA50F2200CA5BCB /* JsonMockReader.swift */; };
		573F20182AA510EB00CA5BCB /* EntitiesStub.json in Resources */ = {isa = PBXBuildFile; fileRef = 573F20172AA510EB00CA5BCB /* EntitiesStub.json */; };
		573F201A2AA5128A00CA5BCB /* EntitiesIntervalStub.json in Resources */ = {isa = PBXBuildFile; fileRef = 573F20192AA5128500CA5BCB /* EntitiesIntervalStub.json */; };
		573F20222AA51CB500CA5BCB /* NetworkMock.swift in Sources */ = {isa = PBXBuildFile; fileRef = 573F20212AA51CB500CA5BCB /* NetworkMock.swift */; };
		573F20252AA51DE000CA5BCB /* EntityViewModelTests.swift in Sources */ = {isa = PBXBuildFile; fileRef = 573F20242AA51DE000CA5BCB /* EntityViewModelTests.swift */; };
		573F20282AA531F500CA5BCB /* EntityDetailsViewModelTests.swift in Sources */ = {isa = PBXBuildFile; fileRef = 573F20272AA531F500CA5BCB /* EntityDetailsViewModelTests.swift */; };
/* End PBXBuildFile section */

/* Begin PBXContainerItemProxy section */
		573F1FBB2AA39C7000CA5BCB /* PBXContainerItemProxy */ = {
			isa = PBXContainerItemProxy;
			containerPortal = 573F1FA22AA39C6F00CA5BCB /* Project object */;
			proxyType = 1;
			remoteGlobalIDString = 573F1FA92AA39C6F00CA5BCB;
			remoteInfo = Cunha;
		};
/* End PBXContainerItemProxy section */

/* Begin PBXFileReference section */
		573F1FAA2AA39C6F00CA5BCB /* Cunha.app */ = {isa = PBXFileReference; explicitFileType = wrapper.application; includeInIndex = 0; path = Cunha.app; sourceTree = BUILT_PRODUCTS_DIR; };
		573F1FAD2AA39C6F00CA5BCB /* CunhaApp.swift */ = {isa = PBXFileReference; lastKnownFileType = sourcecode.swift; path = CunhaApp.swift; sourceTree = "<group>"; };
		573F1FAF2AA39C6F00CA5BCB /* EntitiesView.swift */ = {isa = PBXFileReference; lastKnownFileType = sourcecode.swift; path = EntitiesView.swift; sourceTree = "<group>"; };
		573F1FB12AA39C6F00CA5BCB /* Assets.xcassets */ = {isa = PBXFileReference; lastKnownFileType = folder.assetcatalog; path = Assets.xcassets; sourceTree = "<group>"; };
		573F1FB42AA39C6F00CA5BCB /* Preview Assets.xcassets */ = {isa = PBXFileReference; lastKnownFileType = folder.assetcatalog; path = "Preview Assets.xcassets"; sourceTree = "<group>"; };
		573F1FBA2AA39C7000CA5BCB /* CunhaTests.xctest */ = {isa = PBXFileReference; explicitFileType = wrapper.cfbundle; includeInIndex = 0; path = CunhaTests.xctest; sourceTree = BUILT_PRODUCTS_DIR; };
		573F1FD82AA39D5500CA5BCB /* URLConfigurator.swift */ = {isa = PBXFileReference; lastKnownFileType = sourcecode.swift; path = URLConfigurator.swift; sourceTree = "<group>"; };
		573F1FDA2AA3A13400CA5BCB /* APIClient.swift */ = {isa = PBXFileReference; lastKnownFileType = sourcecode.swift; path = APIClient.swift; sourceTree = "<group>"; };
		573F1FDC2AA3A15F00CA5BCB /* Endpoints.swift */ = {isa = PBXFileReference; lastKnownFileType = sourcecode.swift; path = Endpoints.swift; sourceTree = "<group>"; };
		573F1FDF2AA3EC3300CA5BCB /* EntitiesRoute.swift */ = {isa = PBXFileReference; lastKnownFileType = sourcecode.swift; path = EntitiesRoute.swift; sourceTree = "<group>"; };
		573F1FE12AA3F41300CA5BCB /* APIRequestManager.swift */ = {isa = PBXFileReference; lastKnownFileType = sourcecode.swift; path = APIRequestManager.swift; sourceTree = "<group>"; };
		573F1FE42AA3F4F400CA5BCB /* EntityModel.swift */ = {isa = PBXFileReference; lastKnownFileType = sourcecode.swift; path = EntityModel.swift; sourceTree = "<group>"; };
		573F1FEA2AA3FAEF00CA5BCB /* EntitesViewModel.swift */ = {isa = PBXFileReference; lastKnownFileType = sourcecode.swift; path = EntitesViewModel.swift; sourceTree = "<group>"; };
		573F1FEC2AA497D000CA5BCB /* Info.plist */ = {isa = PBXFileReference; lastKnownFileType = text.plist; path = Info.plist; sourceTree = "<group>"; };
		573F1FEE2AA4999C00CA5BCB /* SearchSubview.swift */ = {isa = PBXFileReference; lastKnownFileType = sourcecode.swift; path = SearchSubview.swift; sourceTree = "<group>"; };
		573F1FF02AA4BE4E00CA5BCB /* EndOfDayRoute.swift */ = {isa = PBXFileReference; lastKnownFileType = sourcecode.swift; path = EndOfDayRoute.swift; sourceTree = "<group>"; };
		573F1FF22AA4C10E00CA5BCB /* EntityTimeModel.swift */ = {isa = PBXFileReference; lastKnownFileType = sourcecode.swift; path = EntityTimeModel.swift; sourceTree = "<group>"; };
		573F1FF62AA4C5AC00CA5BCB /* EntityDetailsView.swift */ = {isa = PBXFileReference; lastKnownFileType = sourcecode.swift; path = EntityDetailsView.swift; sourceTree = "<group>"; };
		573F1FFA2AA4C8F200CA5BCB /* EntityDetailsViewModel.swift */ = {isa = PBXFileReference; lastKnownFileType = sourcecode.swift; path = EntityDetailsViewModel.swift; sourceTree = "<group>"; };
		573F1FFD2AA4DA1000CA5BCB /* InString.swift */ = {isa = PBXFileReference; lastKnownFileType = sourcecode.swift; path = InString.swift; sourceTree = "<group>"; };
		573F20012AA4E95C00CA5BCB /* NetworkError.swift */ = {isa = PBXFileReference; lastKnownFileType = sourcecode.swift; path = NetworkError.swift; sourceTree = "<group>"; };
		573F20042AA4EE2100CA5BCB /* ErrorModel.swift */ = {isa = PBXFileReference; lastKnownFileType = sourcecode.swift; path = ErrorModel.swift; sourceTree = "<group>"; };
		573F20072AA4F29C00CA5BCB /* MainError.swift */ = {isa = PBXFileReference; lastKnownFileType = sourcecode.swift; path = MainError.swift; sourceTree = "<group>"; };
		573F200C2AA5022900CA5BCB /* InDate.swift */ = {isa = PBXFileReference; lastKnownFileType = sourcecode.swift; path = InDate.swift; sourceTree = "<group>"; };
		573F200E2AA50A7800CA5BCB /* StringExtesnionTest.swift */ = {isa = PBXFileReference; lastKnownFileType = sourcecode.swift; path = StringExtesnionTest.swift; sourceTree = "<group>"; };
		573F20112AA50C0E00CA5BCB /* DateExtensionTest.swift */ = {isa = PBXFileReference; lastKnownFileType = sourcecode.swift; path = DateExtensionTest.swift; sourceTree = "<group>"; };
		573F20142AA50F2200CA5BCB /* JsonMockReader.swift */ = {isa = PBXFileReference; lastKnownFileType = sourcecode.swift; path = JsonMockReader.swift; sourceTree = "<group>"; };
		573F20172AA510EB00CA5BCB /* EntitiesStub.json */ = {isa = PBXFileReference; lastKnownFileType = text.json; path = EntitiesStub.json; sourceTree = "<group>"; };
		573F20192AA5128500CA5BCB /* EntitiesIntervalStub.json */ = {isa = PBXFileReference; lastKnownFileType = text.json; path = EntitiesIntervalStub.json; sourceTree = "<group>"; };
		573F20212AA51CB500CA5BCB /* NetworkMock.swift */ = {isa = PBXFileReference; fileEncoding = 4; lastKnownFileType = sourcecode.swift; path = NetworkMock.swift; sourceTree = "<group>"; };
		573F20242AA51DE000CA5BCB /* EntityViewModelTests.swift */ = {isa = PBXFileReference; lastKnownFileType = sourcecode.swift; path = EntityViewModelTests.swift; sourceTree = "<group>"; };
		573F20272AA531F500CA5BCB /* EntityDetailsViewModelTests.swift */ = {isa = PBXFileReference; lastKnownFileType = sourcecode.swift; path = EntityDetailsViewModelTests.swift; sourceTree = "<group>"; };
		57D0E8652AA54C0400D6354B /* Cunha.xctestplan */ = {isa = PBXFileReference; lastKnownFileType = text; path = Cunha.xctestplan; sourceTree = "<group>"; };
/* End PBXFileReference section */

/* Begin PBXFrameworksBuildPhase section */
		573F1FA72AA39C6F00CA5BCB /* Frameworks */ = {
			isa = PBXFrameworksBuildPhase;
			buildActionMask = 2147483647;
			files = (
			);
			runOnlyForDeploymentPostprocessing = 0;
		};
		573F1FB72AA39C7000CA5BCB /* Frameworks */ = {
			isa = PBXFrameworksBuildPhase;
			buildActionMask = 2147483647;
			files = (
			);
			runOnlyForDeploymentPostprocessing = 0;
		};
/* End PBXFrameworksBuildPhase section */

/* Begin PBXGroup section */
		573F1FA12AA39C6F00CA5BCB = {
			isa = PBXGroup;
			children = (
				57D0E8652AA54C0400D6354B /* Cunha.xctestplan */,
				573F1FAC2AA39C6F00CA5BCB /* Cunha */,
				573F1FBD2AA39C7000CA5BCB /* CunhaTests */,
				573F1FAB2AA39C6F00CA5BCB /* Products */,
			);
			sourceTree = "<group>";
		};
		573F1FAB2AA39C6F00CA5BCB /* Products */ = {
			isa = PBXGroup;
			children = (
				573F1FAA2AA39C6F00CA5BCB /* Cunha.app */,
				573F1FBA2AA39C7000CA5BCB /* CunhaTests.xctest */,
			);
			name = Products;
			sourceTree = "<group>";
		};
		573F1FAC2AA39C6F00CA5BCB /* Cunha */ = {
			isa = PBXGroup;
			children = (
				573F1FEC2AA497D000CA5BCB /* Info.plist */,
				573F1FE62AA3FA8400CA5BCB /* Scenes */,
				573F1FD72AA39D4600CA5BCB /* Network */,
				573F1FFC2AA4DA0500CA5BCB /* Extension */,
				573F1FFF2AA4E94600CA5BCB /* Helper */,
				573F1FAD2AA39C6F00CA5BCB /* CunhaApp.swift */,
				573F1FB12AA39C6F00CA5BCB /* Assets.xcassets */,
				573F1FB32AA39C6F00CA5BCB /* Preview Content */,
			);
			path = Cunha;
			sourceTree = "<group>";
		};
		573F1FB32AA39C6F00CA5BCB /* Preview Content */ = {
			isa = PBXGroup;
			children = (
				573F1FB42AA39C6F00CA5BCB /* Preview Assets.xcassets */,
			);
			path = "Preview Content";
			sourceTree = "<group>";
		};
		573F1FBD2AA39C7000CA5BCB /* CunhaTests */ = {
			isa = PBXGroup;
			children = (
				573F20262AA531CC00CA5BCB /* SceneTests */,
				573F20102AA50BF300CA5BCB /* ExtensionTests */,
				573F201E2AA5183800CA5BCB /* TestHelperComponents */,
			);
			path = CunhaTests;
			sourceTree = "<group>";
		};
		573F1FD72AA39D4600CA5BCB /* Network */ = {
			isa = PBXGroup;
			children = (
				573F1FDE2AA3EC1700CA5BCB /* Routes */,
				573F1FD82AA39D5500CA5BCB /* URLConfigurator.swift */,
				573F1FDC2AA3A15F00CA5BCB /* Endpoints.swift */,
				573F1FDA2AA3A13400CA5BCB /* APIClient.swift */,
				573F1FE12AA3F41300CA5BCB /* APIRequestManager.swift */,
			);
			path = Network;
			sourceTree = "<group>";
		};
		573F1FDE2AA3EC1700CA5BCB /* Routes */ = {
			isa = PBXGroup;
			children = (
				573F1FDF2AA3EC3300CA5BCB /* EntitiesRoute.swift */,
				573F1FF02AA4BE4E00CA5BCB /* EndOfDayRoute.swift */,
			);
			path = Routes;
			sourceTree = "<group>";
		};
		573F1FE32AA3F4E900CA5BCB /* Model */ = {
			isa = PBXGroup;
			children = (
				573F1FE42AA3F4F400CA5BCB /* EntityModel.swift */,
			);
			path = Model;
			sourceTree = "<group>";
		};
		573F1FE62AA3FA8400CA5BCB /* Scenes */ = {
			isa = PBXGroup;
			children = (
				573F1FF42AA4C59300CA5BCB /* EntityDetailsScreen */,
				573F1FE72AA3FA8F00CA5BCB /* EntityScreen */,
			);
			path = Scenes;
			sourceTree = "<group>";
		};
		573F1FE72AA3FA8F00CA5BCB /* EntityScreen */ = {
			isa = PBXGroup;
			children = (
				573F1FE32AA3F4E900CA5BCB /* Model */,
				573F1FE92AA3FAB000CA5BCB /* ViewModel */,
				573F1FE82AA3FAAC00CA5BCB /* View */,
			);
			path = EntityScreen;
			sourceTree = "<group>";
		};
		573F1FE82AA3FAAC00CA5BCB /* View */ = {
			isa = PBXGroup;
			children = (
				573F1FED2AA4998C00CA5BCB /* subviews */,
				573F1FAF2AA39C6F00CA5BCB /* EntitiesView.swift */,
			);
			path = View;
			sourceTree = "<group>";
		};
		573F1FE92AA3FAB000CA5BCB /* ViewModel */ = {
			isa = PBXGroup;
			children = (
				573F1FEA2AA3FAEF00CA5BCB /* EntitesViewModel.swift */,
			);
			path = ViewModel;
			sourceTree = "<group>";
		};
		573F1FED2AA4998C00CA5BCB /* subviews */ = {
			isa = PBXGroup;
			children = (
				573F1FEE2AA4999C00CA5BCB /* SearchSubview.swift */,
			);
			path = subviews;
			sourceTree = "<group>";
		};
		573F1FF42AA4C59300CA5BCB /* EntityDetailsScreen */ = {
			isa = PBXGroup;
			children = (
				573F1FF82AA4C8C400CA5BCB /* Model */,
				573F1FF92AA4C8CB00CA5BCB /* ViewModel */,
				573F1FF52AA4C59F00CA5BCB /* View */,
			);
			path = EntityDetailsScreen;
			sourceTree = "<group>";
		};
		573F1FF52AA4C59F00CA5BCB /* View */ = {
			isa = PBXGroup;
			children = (
				573F1FF62AA4C5AC00CA5BCB /* EntityDetailsView.swift */,
			);
			path = View;
			sourceTree = "<group>";
		};
		573F1FF82AA4C8C400CA5BCB /* Model */ = {
			isa = PBXGroup;
			children = (
				573F1FF22AA4C10E00CA5BCB /* EntityTimeModel.swift */,
				573F20042AA4EE2100CA5BCB /* ErrorModel.swift */,
			);
			path = Model;
			sourceTree = "<group>";
		};
		573F1FF92AA4C8CB00CA5BCB /* ViewModel */ = {
			isa = PBXGroup;
			children = (
				573F1FFA2AA4C8F200CA5BCB /* EntityDetailsViewModel.swift */,
			);
			path = ViewModel;
			sourceTree = "<group>";
		};
		573F1FFC2AA4DA0500CA5BCB /* Extension */ = {
			isa = PBXGroup;
			children = (
				573F1FFD2AA4DA1000CA5BCB /* InString.swift */,
				573F200C2AA5022900CA5BCB /* InDate.swift */,
			);
			path = Extension;
			sourceTree = "<group>";
		};
		573F1FFF2AA4E94600CA5BCB /* Helper */ = {
			isa = PBXGroup;
			children = (
				573F20002AA4E94A00CA5BCB /* ErrorHandler */,
			);
			path = Helper;
			sourceTree = "<group>";
		};
		573F20002AA4E94A00CA5BCB /* ErrorHandler */ = {
			isa = PBXGroup;
			children = (
				573F20012AA4E95C00CA5BCB /* NetworkError.swift */,
				573F20072AA4F29C00CA5BCB /* MainError.swift */,
			);
			path = ErrorHandler;
			sourceTree = "<group>";
		};
		573F20102AA50BF300CA5BCB /* ExtensionTests */ = {
			isa = PBXGroup;
			children = (
				573F200E2AA50A7800CA5BCB /* StringExtesnionTest.swift */,
				573F20112AA50C0E00CA5BCB /* DateExtensionTest.swift */,
			);
			path = ExtensionTests;
			sourceTree = "<group>";
		};
		573F20132AA50F0900CA5BCB /* JsonMockReader */ = {
			isa = PBXGroup;
			children = (
				573F20142AA50F2200CA5BCB /* JsonMockReader.swift */,
			);
			path = JsonMockReader;
			sourceTree = "<group>";
		};
		573F20162AA510C700CA5BCB /* JsonStub */ = {
			isa = PBXGroup;
			children = (
				573F20172AA510EB00CA5BCB /* EntitiesStub.json */,
				573F20192AA5128500CA5BCB /* EntitiesIntervalStub.json */,
			);
			path = JsonStub;
			sourceTree = "<group>";
		};
		573F201E2AA5183800CA5BCB /* TestHelperComponents */ = {
			isa = PBXGroup;
			children = (
				573F20212AA51CB500CA5BCB /* NetworkMock.swift */,
				573F20132AA50F0900CA5BCB /* JsonMockReader */,
				573F20162AA510C700CA5BCB /* JsonStub */,
			);
			path = TestHelperComponents;
			sourceTree = "<group>";
		};
		573F20232AA51CC800CA5BCB /* ViewModels */ = {
			isa = PBXGroup;
			children = (
				573F20242AA51DE000CA5BCB /* EntityViewModelTests.swift */,
				573F20272AA531F500CA5BCB /* EntityDetailsViewModelTests.swift */,
			);
			path = ViewModels;
			sourceTree = "<group>";
		};
		573F20262AA531CC00CA5BCB /* SceneTests */ = {
			isa = PBXGroup;
			children = (
				573F20232AA51CC800CA5BCB /* ViewModels */,
			);
			path = SceneTests;
			sourceTree = "<group>";
		};
/* End PBXGroup section */

/* Begin PBXNativeTarget section */
		573F1FA92AA39C6F00CA5BCB /* Cunha */ = {
			isa = PBXNativeTarget;
			buildConfigurationList = 573F1FCE2AA39C7000CA5BCB /* Build configuration list for PBXNativeTarget "Cunha" */;
			buildPhases = (
				573F1FA62AA39C6F00CA5BCB /* Sources */,
				573F1FA72AA39C6F00CA5BCB /* Frameworks */,
				573F1FA82AA39C6F00CA5BCB /* Resources */,
			);
			buildRules = (
			);
			dependencies = (
				57D0E8682AA54EA200D6354B /* PBXTargetDependency */,
			);
			name = Cunha;
			productName = Cunha;
			productReference = 573F1FAA2AA39C6F00CA5BCB /* Cunha.app */;
			productType = "com.apple.product-type.application";
		};
		573F1FB92AA39C7000CA5BCB /* CunhaTests */ = {
			isa = PBXNativeTarget;
			buildConfigurationList = 573F1FD12AA39C7000CA5BCB /* Build configuration list for PBXNativeTarget "CunhaTests" */;
			buildPhases = (
				573F1FB62AA39C7000CA5BCB /* Sources */,
				573F1FB72AA39C7000CA5BCB /* Frameworks */,
				573F1FB82AA39C7000CA5BCB /* Resources */,
			);
			buildRules = (
			);
			dependencies = (
				573F1FBC2AA39C7000CA5BCB /* PBXTargetDependency */,
			);
			name = CunhaTests;
			productName = CunhaTests;
			productReference = 573F1FBA2AA39C7000CA5BCB /* CunhaTests.xctest */;
			productType = "com.apple.product-type.bundle.unit-test";
		};
/* End PBXNativeTarget section */

/* Begin PBXProject section */
		573F1FA22AA39C6F00CA5BCB /* Project object */ = {
			isa = PBXProject;
			attributes = {
				BuildIndependentTargetsInParallel = 1;
				LastSwiftUpdateCheck = 1430;
				LastUpgradeCheck = 1430;
				TargetAttributes = {
					573F1FA92AA39C6F00CA5BCB = {
						CreatedOnToolsVersion = 14.3.1;
					};
					573F1FB92AA39C7000CA5BCB = {
						CreatedOnToolsVersion = 14.3.1;
						LastSwiftMigration = 1430;
						TestTargetID = 573F1FA92AA39C6F00CA5BCB;
					};
				};
			};
			buildConfigurationList = 573F1FA52AA39C6F00CA5BCB /* Build configuration list for PBXProject "Cunha" */;
			compatibilityVersion = "Xcode 14.0";
			developmentRegion = en;
			hasScannedForEncodings = 0;
			knownRegions = (
				en,
				Base,
			);
			mainGroup = 573F1FA12AA39C6F00CA5BCB;
			packageReferences = (
				57D0E8662AA54E8E00D6354B /* XCRemoteSwiftPackageReference "SwiftLint" */,
			);
			productRefGroup = 573F1FAB2AA39C6F00CA5BCB /* Products */;
			projectDirPath = "";
			projectRoot = "";
			targets = (
				573F1FA92AA39C6F00CA5BCB /* Cunha */,
				573F1FB92AA39C7000CA5BCB /* CunhaTests */,
			);
		};
/* End PBXProject section */

/* Begin PBXResourcesBuildPhase section */
		573F1FA82AA39C6F00CA5BCB /* Resources */ = {
			isa = PBXResourcesBuildPhase;
			buildActionMask = 2147483647;
			files = (
				573F1FB52AA39C6F00CA5BCB /* Preview Assets.xcassets in Resources */,
				573F1FB22AA39C6F00CA5BCB /* Assets.xcassets in Resources */,
			);
			runOnlyForDeploymentPostprocessing = 0;
		};
		573F1FB82AA39C7000CA5BCB /* Resources */ = {
			isa = PBXResourcesBuildPhase;
			buildActionMask = 2147483647;
			files = (
				573F20182AA510EB00CA5BCB /* EntitiesStub.json in Resources */,
				573F201A2AA5128A00CA5BCB /* EntitiesIntervalStub.json in Resources */,
			);
			runOnlyForDeploymentPostprocessing = 0;
		};
/* End PBXResourcesBuildPhase section */

/* Begin PBXSourcesBuildPhase section */
		573F1FA62AA39C6F00CA5BCB /* Sources */ = {
			isa = PBXSourcesBuildPhase;
			buildActionMask = 2147483647;
			files = (
				573F20052AA4EE2100CA5BCB /* ErrorModel.swift in Sources */,
				573F1FB02AA39C6F00CA5BCB /* EntitiesView.swift in Sources */,
				573F1FAE2AA39C6F00CA5BCB /* CunhaApp.swift in Sources */,
				573F20082AA4F29C00CA5BCB /* MainError.swift in Sources */,
				573F1FD92AA39D5500CA5BCB /* URLConfigurator.swift in Sources */,
				573F1FF32AA4C10E00CA5BCB /* EntityTimeModel.swift in Sources */,
				573F1FE52AA3F4F400CA5BCB /* EntityModel.swift in Sources */,
				573F20022AA4E95C00CA5BCB /* NetworkError.swift in Sources */,
				573F1FF72AA4C5AC00CA5BCB /* EntityDetailsView.swift in Sources */,
				573F1FE22AA3F41300CA5BCB /* APIRequestManager.swift in Sources */,
				573F1FEF2AA4999C00CA5BCB /* SearchSubview.swift in Sources */,
				573F200D2AA5022900CA5BCB /* InDate.swift in Sources */,
				573F1FDB2AA3A13400CA5BCB /* APIClient.swift in Sources */,
				573F1FEB2AA3FAEF00CA5BCB /* EntitesViewModel.swift in Sources */,
				573F1FFB2AA4C8F200CA5BCB /* EntityDetailsViewModel.swift in Sources */,
				573F1FDD2AA3A15F00CA5BCB /* Endpoints.swift in Sources */,
				573F1FFE2AA4DA1000CA5BCB /* InString.swift in Sources */,
				573F1FF12AA4BE4E00CA5BCB /* EndOfDayRoute.swift in Sources */,
				573F1FE02AA3EC3300CA5BCB /* EntitiesRoute.swift in Sources */,
			);
			runOnlyForDeploymentPostprocessing = 0;
		};
		573F1FB62AA39C7000CA5BCB /* Sources */ = {
			isa = PBXSourcesBuildPhase;
			buildActionMask = 2147483647;
			files = (
				573F20222AA51CB500CA5BCB /* NetworkMock.swift in Sources */,
				573F20252AA51DE000CA5BCB /* EntityViewModelTests.swift in Sources */,
				573F20152AA50F2200CA5BCB /* JsonMockReader.swift in Sources */,
				573F200F2AA50A7800CA5BCB /* StringExtesnionTest.swift in Sources */,
				573F20282AA531F500CA5BCB /* EntityDetailsViewModelTests.swift in Sources */,
				573F20122AA50C0E00CA5BCB /* DateExtensionTest.swift in Sources */,
			);
			runOnlyForDeploymentPostprocessing = 0;
		};
/* End PBXSourcesBuildPhase section */

/* Begin PBXTargetDependency section */
		573F1FBC2AA39C7000CA5BCB /* PBXTargetDependency */ = {
			isa = PBXTargetDependency;
			target = 573F1FA92AA39C6F00CA5BCB /* Cunha */;
			targetProxy = 573F1FBB2AA39C7000CA5BCB /* PBXContainerItemProxy */;
		};
		57D0E8682AA54EA200D6354B /* PBXTargetDependency */ = {
			isa = PBXTargetDependency;
			productRef = 57D0E8672AA54EA200D6354B /* SwiftLintPlugin */;
		};
/* End PBXTargetDependency section */

/* Begin XCBuildConfiguration section */
		573F1FCC2AA39C7000CA5BCB /* Debug */ = {
			isa = XCBuildConfiguration;
			buildSettings = {
				ALWAYS_SEARCH_USER_PATHS = NO;
				CLANG_ANALYZER_NONNULL = YES;
				CLANG_ANALYZER_NUMBER_OBJECT_CONVERSION = YES_AGGRESSIVE;
				CLANG_CXX_LANGUAGE_STANDARD = "gnu++20";
				CLANG_ENABLE_MODULES = YES;
				CLANG_ENABLE_OBJC_ARC = YES;
				CLANG_ENABLE_OBJC_WEAK = YES;
				CLANG_WARN_BLOCK_CAPTURE_AUTORELEASING = YES;
				CLANG_WARN_BOOL_CONVERSION = YES;
				CLANG_WARN_COMMA = YES;
				CLANG_WARN_CONSTANT_CONVERSION = YES;
				CLANG_WARN_DEPRECATED_OBJC_IMPLEMENTATIONS = YES;
				CLANG_WARN_DIRECT_OBJC_ISA_USAGE = YES_ERROR;
				CLANG_WARN_DOCUMENTATION_COMMENTS = YES;
				CLANG_WARN_EMPTY_BODY = YES;
				CLANG_WARN_ENUM_CONVERSION = YES;
				CLANG_WARN_INFINITE_RECURSION = YES;
				CLANG_WARN_INT_CONVERSION = YES;
				CLANG_WARN_NON_LITERAL_NULL_CONVERSION = YES;
				CLANG_WARN_OBJC_IMPLICIT_RETAIN_SELF = YES;
				CLANG_WARN_OBJC_LITERAL_CONVERSION = YES;
				CLANG_WARN_OBJC_ROOT_CLASS = YES_ERROR;
				CLANG_WARN_QUOTED_INCLUDE_IN_FRAMEWORK_HEADER = YES;
				CLANG_WARN_RANGE_LOOP_ANALYSIS = YES;
				CLANG_WARN_STRICT_PROTOTYPES = YES;
				CLANG_WARN_SUSPICIOUS_MOVE = YES;
				CLANG_WARN_UNGUARDED_AVAILABILITY = YES_AGGRESSIVE;
				CLANG_WARN_UNREACHABLE_CODE = YES;
				CLANG_WARN__DUPLICATE_METHOD_MATCH = YES;
				COPY_PHASE_STRIP = NO;
				DEBUG_INFORMATION_FORMAT = dwarf;
				ENABLE_STRICT_OBJC_MSGSEND = YES;
				ENABLE_TESTABILITY = YES;
				GCC_C_LANGUAGE_STANDARD = gnu11;
				GCC_DYNAMIC_NO_PIC = NO;
				GCC_NO_COMMON_BLOCKS = YES;
				GCC_OPTIMIZATION_LEVEL = 0;
				GCC_PREPROCESSOR_DEFINITIONS = (
					"DEBUG=1",
					"$(inherited)",
				);
				GCC_WARN_64_TO_32_BIT_CONVERSION = YES;
				GCC_WARN_ABOUT_RETURN_TYPE = YES_ERROR;
				GCC_WARN_UNDECLARED_SELECTOR = YES;
				GCC_WARN_UNINITIALIZED_AUTOS = YES_AGGRESSIVE;
				GCC_WARN_UNUSED_FUNCTION = YES;
				GCC_WARN_UNUSED_VARIABLE = YES;
				IPHONEOS_DEPLOYMENT_TARGET = 16.4;
				MTL_ENABLE_DEBUG_INFO = INCLUDE_SOURCE;
				MTL_FAST_MATH = YES;
				ONLY_ACTIVE_ARCH = YES;
				SDKROOT = iphoneos;
				SWIFT_ACTIVE_COMPILATION_CONDITIONS = DEBUG;
				SWIFT_OPTIMIZATION_LEVEL = "-Onone";
			};
			name = Debug;
		};
		573F1FCD2AA39C7000CA5BCB /* Release */ = {
			isa = XCBuildConfiguration;
			buildSettings = {
				ALWAYS_SEARCH_USER_PATHS = NO;
				CLANG_ANALYZER_NONNULL = YES;
				CLANG_ANALYZER_NUMBER_OBJECT_CONVERSION = YES_AGGRESSIVE;
				CLANG_CXX_LANGUAGE_STANDARD = "gnu++20";
				CLANG_ENABLE_MODULES = YES;
				CLANG_ENABLE_OBJC_ARC = YES;
				CLANG_ENABLE_OBJC_WEAK = YES;
				CLANG_WARN_BLOCK_CAPTURE_AUTORELEASING = YES;
				CLANG_WARN_BOOL_CONVERSION = YES;
				CLANG_WARN_COMMA = YES;
				CLANG_WARN_CONSTANT_CONVERSION = YES;
				CLANG_WARN_DEPRECATED_OBJC_IMPLEMENTATIONS = YES;
				CLANG_WARN_DIRECT_OBJC_ISA_USAGE = YES_ERROR;
				CLANG_WARN_DOCUMENTATION_COMMENTS = YES;
				CLANG_WARN_EMPTY_BODY = YES;
				CLANG_WARN_ENUM_CONVERSION = YES;
				CLANG_WARN_INFINITE_RECURSION = YES;
				CLANG_WARN_INT_CONVERSION = YES;
				CLANG_WARN_NON_LITERAL_NULL_CONVERSION = YES;
				CLANG_WARN_OBJC_IMPLICIT_RETAIN_SELF = YES;
				CLANG_WARN_OBJC_LITERAL_CONVERSION = YES;
				CLANG_WARN_OBJC_ROOT_CLASS = YES_ERROR;
				CLANG_WARN_QUOTED_INCLUDE_IN_FRAMEWORK_HEADER = YES;
				CLANG_WARN_RANGE_LOOP_ANALYSIS = YES;
				CLANG_WARN_STRICT_PROTOTYPES = YES;
				CLANG_WARN_SUSPICIOUS_MOVE = YES;
				CLANG_WARN_UNGUARDED_AVAILABILITY = YES_AGGRESSIVE;
				CLANG_WARN_UNREACHABLE_CODE = YES;
				CLANG_WARN__DUPLICATE_METHOD_MATCH = YES;
				COPY_PHASE_STRIP = NO;
				DEBUG_INFORMATION_FORMAT = "dwarf-with-dsym";
				ENABLE_NS_ASSERTIONS = NO;
				ENABLE_STRICT_OBJC_MSGSEND = YES;
				GCC_C_LANGUAGE_STANDARD = gnu11;
				GCC_NO_COMMON_BLOCKS = YES;
				GCC_WARN_64_TO_32_BIT_CONVERSION = YES;
				GCC_WARN_ABOUT_RETURN_TYPE = YES_ERROR;
				GCC_WARN_UNDECLARED_SELECTOR = YES;
				GCC_WARN_UNINITIALIZED_AUTOS = YES_AGGRESSIVE;
				GCC_WARN_UNUSED_FUNCTION = YES;
				GCC_WARN_UNUSED_VARIABLE = YES;
				IPHONEOS_DEPLOYMENT_TARGET = 16.4;
				MTL_ENABLE_DEBUG_INFO = NO;
				MTL_FAST_MATH = YES;
				SDKROOT = iphoneos;
				SWIFT_COMPILATION_MODE = wholemodule;
				SWIFT_OPTIMIZATION_LEVEL = "-O";
				VALIDATE_PRODUCT = YES;
			};
			name = Release;
		};
		573F1FCF2AA39C7000CA5BCB /* Debug */ = {
			isa = XCBuildConfiguration;
			buildSettings = {
				ASSETCATALOG_COMPILER_APPICON_NAME = AppIcon;
				ASSETCATALOG_COMPILER_GLOBAL_ACCENT_COLOR_NAME = AccentColor;
				CODE_SIGN_STYLE = Automatic;
				CURRENT_PROJECT_VERSION = 1;
				DEVELOPMENT_ASSET_PATHS = "\"Cunha/Preview Content\"";
				DEVELOPMENT_TEAM = G9Q79MB7M4;
				ENABLE_PREVIEWS = YES;
				GENERATE_INFOPLIST_FILE = YES;
				INFOPLIST_FILE = Cunha/Info.plist;
				INFOPLIST_KEY_UIApplicationSceneManifest_Generation = YES;
				INFOPLIST_KEY_UIApplicationSupportsIndirectInputEvents = YES;
				INFOPLIST_KEY_UILaunchScreen_Generation = YES;
				INFOPLIST_KEY_UISupportedInterfaceOrientations_iPad = "UIInterfaceOrientationPortrait UIInterfaceOrientationPortraitUpsideDown UIInterfaceOrientationLandscapeLeft UIInterfaceOrientationLandscapeRight";
				INFOPLIST_KEY_UISupportedInterfaceOrientations_iPhone = "UIInterfaceOrientationPortrait UIInterfaceOrientationLandscapeLeft UIInterfaceOrientationLandscapeRight";
				LD_RUNPATH_SEARCH_PATHS = (
					"$(inherited)",
					"@executable_path/Frameworks",
				);
				MARKETING_VERSION = 1.0;
				PRODUCT_BUNDLE_IDENTIFIER = com.isconfig.Cunha;
				PRODUCT_NAME = "$(TARGET_NAME)";
				SWIFT_EMIT_LOC_STRINGS = YES;
				SWIFT_VERSION = 5.0;
				TARGETED_DEVICE_FAMILY = "1,2";
			};
			name = Debug;
		};
		573F1FD02AA39C7000CA5BCB /* Release */ = {
			isa = XCBuildConfiguration;
			buildSettings = {
				ASSETCATALOG_COMPILER_APPICON_NAME = AppIcon;
				ASSETCATALOG_COMPILER_GLOBAL_ACCENT_COLOR_NAME = AccentColor;
				CODE_SIGN_STYLE = Automatic;
				CURRENT_PROJECT_VERSION = 1;
				DEVELOPMENT_ASSET_PATHS = "\"Cunha/Preview Content\"";
				DEVELOPMENT_TEAM = G9Q79MB7M4;
				ENABLE_PREVIEWS = YES;
				GENERATE_INFOPLIST_FILE = YES;
				INFOPLIST_FILE = Cunha/Info.plist;
				INFOPLIST_KEY_UIApplicationSceneManifest_Generation = YES;
				INFOPLIST_KEY_UIApplicationSupportsIndirectInputEvents = YES;
				INFOPLIST_KEY_UILaunchScreen_Generation = YES;
				INFOPLIST_KEY_UISupportedInterfaceOrientations_iPad = "UIInterfaceOrientationPortrait UIInterfaceOrientationPortraitUpsideDown UIInterfaceOrientationLandscapeLeft UIInterfaceOrientationLandscapeRight";
				INFOPLIST_KEY_UISupportedInterfaceOrientations_iPhone = "UIInterfaceOrientationPortrait UIInterfaceOrientationLandscapeLeft UIInterfaceOrientationLandscapeRight";
				LD_RUNPATH_SEARCH_PATHS = (
					"$(inherited)",
					"@executable_path/Frameworks",
				);
				MARKETING_VERSION = 1.0;
				PRODUCT_BUNDLE_IDENTIFIER = com.isconfig.Cunha;
				PRODUCT_NAME = "$(TARGET_NAME)";
				SWIFT_EMIT_LOC_STRINGS = YES;
				SWIFT_VERSION = 5.0;
				TARGETED_DEVICE_FAMILY = "1,2";
			};
			name = Release;
		};
		573F1FD22AA39C7000CA5BCB /* Debug */ = {
			isa = XCBuildConfiguration;
			buildSettings = {
				ALWAYS_EMBED_SWIFT_STANDARD_LIBRARIES = YES;
				BUNDLE_LOADER = "$(TEST_HOST)";
				CLANG_ENABLE_MODULES = YES;
				CODE_SIGN_STYLE = Automatic;
				CURRENT_PROJECT_VERSION = 1;
				DEVELOPMENT_TEAM = G9Q79MB7M4;
				GENERATE_INFOPLIST_FILE = YES;
				IPHONEOS_DEPLOYMENT_TARGET = 16.4;
				MARKETING_VERSION = 1.0;
				PRODUCT_BUNDLE_IDENTIFIER = com.isconfig.CunhaTests;
				PRODUCT_NAME = "$(TARGET_NAME)";
				SWIFT_EMIT_LOC_STRINGS = NO;
				SWIFT_OPTIMIZATION_LEVEL = "-Onone";
				SWIFT_VERSION = 5.0;
				TARGETED_DEVICE_FAMILY = "1,2";
				TEST_HOST = "$(BUILT_PRODUCTS_DIR)/Cunha.app/$(BUNDLE_EXECUTABLE_FOLDER_PATH)/Cunha";
			};
			name = Debug;
		};
		573F1FD32AA39C7000CA5BCB /* Release */ = {
			isa = XCBuildConfiguration;
			buildSettings = {
				ALWAYS_EMBED_SWIFT_STANDARD_LIBRARIES = YES;
				BUNDLE_LOADER = "$(TEST_HOST)";
				CLANG_ENABLE_MODULES = YES;
				CODE_SIGN_STYLE = Automatic;
				CURRENT_PROJECT_VERSION = 1;
				DEVELOPMENT_TEAM = G9Q79MB7M4;
				GENERATE_INFOPLIST_FILE = YES;
				IPHONEOS_DEPLOYMENT_TARGET = 16.4;
				MARKETING_VERSION = 1.0;
				PRODUCT_BUNDLE_IDENTIFIER = com.isconfig.CunhaTests;
				PRODUCT_NAME = "$(TARGET_NAME)";
				SWIFT_EMIT_LOC_STRINGS = NO;
				SWIFT_VERSION = 5.0;
				TARGETED_DEVICE_FAMILY = "1,2";
				TEST_HOST = "$(BUILT_PRODUCTS_DIR)/Cunha.app/$(BUNDLE_EXECUTABLE_FOLDER_PATH)/Cunha";
			};
			name = Release;
		};
/* End XCBuildConfiguration section */

/* Begin XCConfigurationList section */
		573F1FA52AA39C6F00CA5BCB /* Build configuration list for PBXProject "Cunha" */ = {
			isa = XCConfigurationList;
			buildConfigurations = (
				573F1FCC2AA39C7000CA5BCB /* Debug */,
				573F1FCD2AA39C7000CA5BCB /* Release */,
			);
			defaultConfigurationIsVisible = 0;
			defaultConfigurationName = Release;
		};
		573F1FCE2AA39C7000CA5BCB /* Build configuration list for PBXNativeTarget "Cunha" */ = {
			isa = XCConfigurationList;
			buildConfigurations = (
				573F1FCF2AA39C7000CA5BCB /* Debug */,
				573F1FD02AA39C7000CA5BCB /* Release */,
			);
			defaultConfigurationIsVisible = 0;
			defaultConfigurationName = Release;
		};
		573F1FD12AA39C7000CA5BCB /* Build configuration list for PBXNativeTarget "CunhaTests" */ = {
			isa = XCConfigurationList;
			buildConfigurations = (
				573F1FD22AA39C7000CA5BCB /* Debug */,
				573F1FD32AA39C7000CA5BCB /* Release */,
			);
			defaultConfigurationIsVisible = 0;
			defaultConfigurationName = Release;
		};
/* End XCConfigurationList section */

/* Begin XCRemoteSwiftPackageReference section */
		57D0E8662AA54E8E00D6354B /* XCRemoteSwiftPackageReference "SwiftLint" */ = {
			isa = XCRemoteSwiftPackageReference;
			repositoryURL = "https://github.com/realm/SwiftLint";
			requirement = {
				kind = upToNextMajorVersion;
				minimumVersion = 0.52.4;
			};
		};
/* End XCRemoteSwiftPackageReference section */

/* Begin XCSwiftPackageProductDependency section */
		57D0E8672AA54EA200D6354B /* SwiftLintPlugin */ = {
			isa = XCSwiftPackageProductDependency;
			package = 57D0E8662AA54E8E00D6354B /* XCRemoteSwiftPackageReference "SwiftLint" */;
			productName = "plugin:SwiftLintPlugin";
		};
/* End XCSwiftPackageProductDependency section */
	};
	rootObject = 573F1FA22AA39C6F00CA5BCB /* Project object */;
}
